// !$*UTF8*$!
{
	archiveVersion = 1;
	classes = {
	};
	objectVersion = 46;
	objects = {

/* Begin PBXBuildFile section */
		45BB8BCB0983BA1EA95CDF96 /* libPods-HanekeTests.a in Frameworks */ = {isa = PBXBuildFile; fileRef = EF024579EFC93DF2BFC1EBF6 /* libPods-HanekeTests.a */; };
		7399968E1E7E923600FF673D /* Haneke.framework in Frameworks */ = {isa = PBXBuildFile; fileRef = 739996841E7E923600FF673D /* Haneke.framework */; };
		739996B01E7E92E700FF673D /* Haneke.h in Headers */ = {isa = PBXBuildFile; fileRef = 7399969E1E7E92E700FF673D /* Haneke.h */; };
		739996B11E7E92E700FF673D /* HNKCache.h in Headers */ = {isa = PBXBuildFile; fileRef = 7399969F1E7E92E700FF673D /* HNKCache.h */; };
		739996B21E7E92E700FF673D /* HNKCache.m in Sources */ = {isa = PBXBuildFile; fileRef = 739996A01E7E92E700FF673D /* HNKCache.m */; };
		739996B31E7E92E700FF673D /* HNKDiskCache.h in Headers */ = {isa = PBXBuildFile; fileRef = 739996A11E7E92E700FF673D /* HNKDiskCache.h */; };
		739996B41E7E92E700FF673D /* HNKDiskCache.m in Sources */ = {isa = PBXBuildFile; fileRef = 739996A21E7E92E700FF673D /* HNKDiskCache.m */; };
		739996B51E7E92E700FF673D /* HNKDiskFetcher.h in Headers */ = {isa = PBXBuildFile; fileRef = 739996A31E7E92E700FF673D /* HNKDiskFetcher.h */; };
		739996B61E7E92E700FF673D /* HNKDiskFetcher.m in Sources */ = {isa = PBXBuildFile; fileRef = 739996A41E7E92E700FF673D /* HNKDiskFetcher.m */; };
		739996B71E7E92E700FF673D /* HNKNetworkFetcher.h in Headers */ = {isa = PBXBuildFile; fileRef = 739996A51E7E92E700FF673D /* HNKNetworkFetcher.h */; };
		739996B81E7E92E700FF673D /* HNKNetworkFetcher.m in Sources */ = {isa = PBXBuildFile; fileRef = 739996A61E7E92E700FF673D /* HNKNetworkFetcher.m */; };
		739996B91E7E92E700FF673D /* HNKSimpleFetcher.h in Headers */ = {isa = PBXBuildFile; fileRef = 739996A71E7E92E700FF673D /* HNKSimpleFetcher.h */; };
		739996BA1E7E92E700FF673D /* HNKSimpleFetcher.m in Sources */ = {isa = PBXBuildFile; fileRef = 739996A81E7E92E700FF673D /* HNKSimpleFetcher.m */; };
		739996BC1E7E92E700FF673D /* UIButton+Haneke.h in Headers */ = {isa = PBXBuildFile; fileRef = 739996AA1E7E92E700FF673D /* UIButton+Haneke.h */; };
		739996BD1E7E92E700FF673D /* UIButton+Haneke.m in Sources */ = {isa = PBXBuildFile; fileRef = 739996AB1E7E92E700FF673D /* UIButton+Haneke.m */; };
		739996BE1E7E92E700FF673D /* UIImageView+Haneke.h in Headers */ = {isa = PBXBuildFile; fileRef = 739996AC1E7E92E700FF673D /* UIImageView+Haneke.h */; };
		739996BF1E7E92E700FF673D /* UIImageView+Haneke.m in Sources */ = {isa = PBXBuildFile; fileRef = 739996AD1E7E92E700FF673D /* UIImageView+Haneke.m */; };
		739996C01E7E92E700FF673D /* UIView+Haneke.h in Headers */ = {isa = PBXBuildFile; fileRef = 739996AE1E7E92E700FF673D /* UIView+Haneke.h */; };
		739996C11E7E92E700FF673D /* UIView+Haneke.m in Sources */ = {isa = PBXBuildFile; fileRef = 739996AF1E7E92E700FF673D /* UIView+Haneke.m */; };
		739996D41E7E964000FF673D /* HNKCache+HanekeTestUtils.m in Sources */ = {isa = PBXBuildFile; fileRef = 739996C51E7E964000FF673D /* HNKCache+HanekeTestUtils.m */; };
		739996D51E7E964000FF673D /* HNKCacheTests.m in Sources */ = {isa = PBXBuildFile; fileRef = 739996C61E7E964000FF673D /* HNKCacheTests.m */; };
		739996D61E7E964000FF673D /* HNKDiskCacheTests.m in Sources */ = {isa = PBXBuildFile; fileRef = 739996C71E7E964000FF673D /* HNKDiskCacheTests.m */; };
		739996D71E7E964000FF673D /* HNKDiskFetcherTests.m in Sources */ = {isa = PBXBuildFile; fileRef = 739996C81E7E964000FF673D /* HNKDiskFetcherTests.m */; };
		739996D81E7E964000FF673D /* HNKNetworkFetcherTests.m in Sources */ = {isa = PBXBuildFile; fileRef = 739996C91E7E964000FF673D /* HNKNetworkFetcherTests.m */; };
		739996D91E7E964000FF673D /* HNKSimpleFetcherTests.m in Sources */ = {isa = PBXBuildFile; fileRef = 739996CA1E7E964000FF673D /* HNKSimpleFetcherTests.m */; };
		739996DA1E7E964000FF673D /* NSString+HanekeTests.m in Sources */ = {isa = PBXBuildFile; fileRef = 739996CB1E7E964000FF673D /* NSString+HanekeTests.m */; };
		739996DB1E7E964000FF673D /* UIButton+HanekeTests.m in Sources */ = {isa = PBXBuildFile; fileRef = 739996CC1E7E964000FF673D /* UIButton+HanekeTests.m */; };
		739996DC1E7E964000FF673D /* UIImage+HanekeTests.m in Sources */ = {isa = PBXBuildFile; fileRef = 739996CD1E7E964000FF673D /* UIImage+HanekeTests.m */; };
		739996DD1E7E964000FF673D /* UIImage+HanekeTestUtils.m in Sources */ = {isa = PBXBuildFile; fileRef = 739996CF1E7E964000FF673D /* UIImage+HanekeTestUtils.m */; };
		739996DE1E7E964000FF673D /* UIImageView+HanekeTests.m in Sources */ = {isa = PBXBuildFile; fileRef = 739996D01E7E964000FF673D /* UIImageView+HanekeTests.m */; };
		739996DF1E7E964000FF673D /* UIView+HanekeTests.m in Sources */ = {isa = PBXBuildFile; fileRef = 739996D11E7E964000FF673D /* UIView+HanekeTests.m */; };
		739996E01E7E964000FF673D /* XCTestCase+HanekeTestUtils.m in Sources */ = {isa = PBXBuildFile; fileRef = 739996D31E7E964000FF673D /* XCTestCase+HanekeTestUtils.m */; };
/* End PBXBuildFile section */

/* Begin PBXContainerItemProxy section */
		7399968F1E7E923600FF673D /* PBXContainerItemProxy */ = {
			isa = PBXContainerItemProxy;
			containerPortal = 7399967B1E7E923600FF673D /* Project object */;
			proxyType = 1;
			remoteGlobalIDString = 739996831E7E923600FF673D;
			remoteInfo = Haneke;
		};
/* End PBXContainerItemProxy section */

/* Begin PBXFileReference section */
		60B2A8F89D761951D2A1DA3A /* Pods-HanekeTests.debug.xcconfig */ = {isa = PBXFileReference; includeInIndex = 1; lastKnownFileType = text.xcconfig; name = "Pods-HanekeTests.debug.xcconfig"; path = "Pods/Target Support Files/Pods-HanekeTests/Pods-HanekeTests.debug.xcconfig"; sourceTree = "<group>"; };
		6B52382FD7300C680B491502 /* Pods-HanekeTests.release.xcconfig */ = {isa = PBXFileReference; includeInIndex = 1; lastKnownFileType = text.xcconfig; name = "Pods-HanekeTests.release.xcconfig"; path = "Pods/Target Support Files/Pods-HanekeTests/Pods-HanekeTests.release.xcconfig"; sourceTree = "<group>"; };
		739996841E7E923600FF673D /* Haneke.framework */ = {isa = PBXFileReference; explicitFileType = wrapper.framework; includeInIndex = 0; path = Haneke.framework; sourceTree = BUILT_PRODUCTS_DIR; };
		739996881E7E923600FF673D /* Info.plist */ = {isa = PBXFileReference; lastKnownFileType = text.plist.xml; path = Info.plist; sourceTree = "<group>"; };
		7399968D1E7E923600FF673D /* HanekeTests.xctest */ = {isa = PBXFileReference; explicitFileType = wrapper.cfbundle; includeInIndex = 0; path = HanekeTests.xctest; sourceTree = BUILT_PRODUCTS_DIR; };
		7399969E1E7E92E700FF673D /* Haneke.h */ = {isa = PBXFileReference; fileEncoding = 4; lastKnownFileType = sourcecode.c.h; path = Haneke.h; sourceTree = "<group>"; };
		7399969F1E7E92E700FF673D /* HNKCache.h */ = {isa = PBXFileReference; fileEncoding = 4; lastKnownFileType = sourcecode.c.h; path = HNKCache.h; sourceTree = "<group>"; };
		739996A01E7E92E700FF673D /* HNKCache.m */ = {isa = PBXFileReference; fileEncoding = 4; lastKnownFileType = sourcecode.c.objc; path = HNKCache.m; sourceTree = "<group>"; };
		739996A11E7E92E700FF673D /* HNKDiskCache.h */ = {isa = PBXFileReference; fileEncoding = 4; lastKnownFileType = sourcecode.c.h; path = HNKDiskCache.h; sourceTree = "<group>"; };
		739996A21E7E92E700FF673D /* HNKDiskCache.m */ = {isa = PBXFileReference; fileEncoding = 4; lastKnownFileType = sourcecode.c.objc; path = HNKDiskCache.m; sourceTree = "<group>"; };
		739996A31E7E92E700FF673D /* HNKDiskFetcher.h */ = {isa = PBXFileReference; fileEncoding = 4; lastKnownFileType = sourcecode.c.h; path = HNKDiskFetcher.h; sourceTree = "<group>"; };
		739996A41E7E92E700FF673D /* HNKDiskFetcher.m */ = {isa = PBXFileReference; fileEncoding = 4; lastKnownFileType = sourcecode.c.objc; path = HNKDiskFetcher.m; sourceTree = "<group>"; };
		739996A51E7E92E700FF673D /* HNKNetworkFetcher.h */ = {isa = PBXFileReference; fileEncoding = 4; lastKnownFileType = sourcecode.c.h; path = HNKNetworkFetcher.h; sourceTree = "<group>"; };
		739996A61E7E92E700FF673D /* HNKNetworkFetcher.m */ = {isa = PBXFileReference; fileEncoding = 4; lastKnownFileType = sourcecode.c.objc; path = HNKNetworkFetcher.m; sourceTree = "<group>"; };
		739996A71E7E92E700FF673D /* HNKSimpleFetcher.h */ = {isa = PBXFileReference; fileEncoding = 4; lastKnownFileType = sourcecode.c.h; path = HNKSimpleFetcher.h; sourceTree = "<group>"; };
		739996A81E7E92E700FF673D /* HNKSimpleFetcher.m */ = {isa = PBXFileReference; fileEncoding = 4; lastKnownFileType = sourcecode.c.objc; path = HNKSimpleFetcher.m; sourceTree = "<group>"; };
		739996AA1E7E92E700FF673D /* UIButton+Haneke.h */ = {isa = PBXFileReference; fileEncoding = 4; lastKnownFileType = sourcecode.c.h; path = "UIButton+Haneke.h"; sourceTree = "<group>"; };
		739996AB1E7E92E700FF673D /* UIButton+Haneke.m */ = {isa = PBXFileReference; fileEncoding = 4; lastKnownFileType = sourcecode.c.objc; path = "UIButton+Haneke.m"; sourceTree = "<group>"; };
		739996AC1E7E92E700FF673D /* UIImageView+Haneke.h */ = {isa = PBXFileReference; fileEncoding = 4; lastKnownFileType = sourcecode.c.h; path = "UIImageView+Haneke.h"; sourceTree = "<group>"; };
		739996AD1E7E92E700FF673D /* UIImageView+Haneke.m */ = {isa = PBXFileReference; fileEncoding = 4; lastKnownFileType = sourcecode.c.objc; path = "UIImageView+Haneke.m"; sourceTree = "<group>"; };
		739996AE1E7E92E700FF673D /* UIView+Haneke.h */ = {isa = PBXFileReference; fileEncoding = 4; lastKnownFileType = sourcecode.c.h; path = "UIView+Haneke.h"; sourceTree = "<group>"; };
		739996AF1E7E92E700FF673D /* UIView+Haneke.m */ = {isa = PBXFileReference; fileEncoding = 4; lastKnownFileType = sourcecode.c.objc; path = "UIView+Haneke.m"; sourceTree = "<group>"; };
		739996C41E7E964000FF673D /* HNKCache+HanekeTestUtils.h */ = {isa = PBXFileReference; fileEncoding = 4; lastKnownFileType = sourcecode.c.h; path = "HNKCache+HanekeTestUtils.h"; sourceTree = "<group>"; };
		739996C51E7E964000FF673D /* HNKCache+HanekeTestUtils.m */ = {isa = PBXFileReference; fileEncoding = 4; lastKnownFileType = sourcecode.c.objc; path = "HNKCache+HanekeTestUtils.m"; sourceTree = "<group>"; };
		739996C61E7E964000FF673D /* HNKCacheTests.m */ = {isa = PBXFileReference; fileEncoding = 4; lastKnownFileType = sourcecode.c.objc; path = HNKCacheTests.m; sourceTree = "<group>"; };
		739996C71E7E964000FF673D /* HNKDiskCacheTests.m */ = {isa = PBXFileReference; fileEncoding = 4; lastKnownFileType = sourcecode.c.objc; path = HNKDiskCacheTests.m; sourceTree = "<group>"; };
		739996C81E7E964000FF673D /* HNKDiskFetcherTests.m */ = {isa = PBXFileReference; fileEncoding = 4; lastKnownFileType = sourcecode.c.objc; path = HNKDiskFetcherTests.m; sourceTree = "<group>"; };
		739996C91E7E964000FF673D /* HNKNetworkFetcherTests.m */ = {isa = PBXFileReference; fileEncoding = 4; lastKnownFileType = sourcecode.c.objc; path = HNKNetworkFetcherTests.m; sourceTree = "<group>"; };
		739996CA1E7E964000FF673D /* HNKSimpleFetcherTests.m */ = {isa = PBXFileReference; fileEncoding = 4; lastKnownFileType = sourcecode.c.objc; path = HNKSimpleFetcherTests.m; sourceTree = "<group>"; };
		739996CB1E7E964000FF673D /* NSString+HanekeTests.m */ = {isa = PBXFileReference; fileEncoding = 4; lastKnownFileType = sourcecode.c.objc; path = "NSString+HanekeTests.m"; sourceTree = "<group>"; };
		739996CC1E7E964000FF673D /* UIButton+HanekeTests.m */ = {isa = PBXFileReference; fileEncoding = 4; lastKnownFileType = sourcecode.c.objc; path = "UIButton+HanekeTests.m"; sourceTree = "<group>"; };
		739996CD1E7E964000FF673D /* UIImage+HanekeTests.m */ = {isa = PBXFileReference; fileEncoding = 4; lastKnownFileType = sourcecode.c.objc; path = "UIImage+HanekeTests.m"; sourceTree = "<group>"; };
		739996CE1E7E964000FF673D /* UIImage+HanekeTestUtils.h */ = {isa = PBXFileReference; fileEncoding = 4; lastKnownFileType = sourcecode.c.h; path = "UIImage+HanekeTestUtils.h"; sourceTree = "<group>"; };
		739996CF1E7E964000FF673D /* UIImage+HanekeTestUtils.m */ = {isa = PBXFileReference; fileEncoding = 4; lastKnownFileType = sourcecode.c.objc; path = "UIImage+HanekeTestUtils.m"; sourceTree = "<group>"; };
		739996D01E7E964000FF673D /* UIImageView+HanekeTests.m */ = {isa = PBXFileReference; fileEncoding = 4; lastKnownFileType = sourcecode.c.objc; path = "UIImageView+HanekeTests.m"; sourceTree = "<group>"; };
		739996D11E7E964000FF673D /* UIView+HanekeTests.m */ = {isa = PBXFileReference; fileEncoding = 4; lastKnownFileType = sourcecode.c.objc; path = "UIView+HanekeTests.m"; sourceTree = "<group>"; };
		739996D21E7E964000FF673D /* XCTestCase+HanekeTestUtils.h */ = {isa = PBXFileReference; fileEncoding = 4; lastKnownFileType = sourcecode.c.h; path = "XCTestCase+HanekeTestUtils.h"; sourceTree = "<group>"; };
		739996D31E7E964000FF673D /* XCTestCase+HanekeTestUtils.m */ = {isa = PBXFileReference; fileEncoding = 4; lastKnownFileType = sourcecode.c.objc; path = "XCTestCase+HanekeTestUtils.m"; sourceTree = "<group>"; };
		739996E51E7E982900FF673D /* HanekeTests-Info.plist */ = {isa = PBXFileReference; fileEncoding = 4; lastKnownFileType = text.plist.xml; path = "HanekeTests-Info.plist"; sourceTree = "<group>"; };
		EF024579EFC93DF2BFC1EBF6 /* libPods-HanekeTests.a */ = {isa = PBXFileReference; explicitFileType = archive.ar; includeInIndex = 0; path = "libPods-HanekeTests.a"; sourceTree = BUILT_PRODUCTS_DIR; };
/* End PBXFileReference section */

/* Begin PBXFrameworksBuildPhase section */
		739996801E7E923600FF673D /* Frameworks */ = {
			isa = PBXFrameworksBuildPhase;
			buildActionMask = 2147483647;
			files = (
			);
			runOnlyForDeploymentPostprocessing = 0;
		};
		7399968A1E7E923600FF673D /* Frameworks */ = {
			isa = PBXFrameworksBuildPhase;
			buildActionMask = 2147483647;
			files = (
				7399968E1E7E923600FF673D /* Haneke.framework in Frameworks */,
				45BB8BCB0983BA1EA95CDF96 /* libPods-HanekeTests.a in Frameworks */,
			);
			runOnlyForDeploymentPostprocessing = 0;
		};
/* End PBXFrameworksBuildPhase section */

/* Begin PBXGroup section */
		7399967A1E7E923600FF673D = {
			isa = PBXGroup;
			children = (
				739996861E7E923600FF673D /* Haneke */,
				739996911E7E923600FF673D /* HanekeTests */,
				739996851E7E923600FF673D /* Products */,
				796CAB8B6591BDD214814F16 /* Pods */,
				B166FD0CE7F857ECE69FBB6C /* Frameworks */,
			);
			sourceTree = "<group>";
		};
		739996851E7E923600FF673D /* Products */ = {
			isa = PBXGroup;
			children = (
				739996841E7E923600FF673D /* Haneke.framework */,
				7399968D1E7E923600FF673D /* HanekeTests.xctest */,
			);
			name = Products;
			sourceTree = "<group>";
		};
		739996861E7E923600FF673D /* Haneke */ = {
			isa = PBXGroup;
			children = (
				7399969E1E7E92E700FF673D /* Haneke.h */,
				7399969F1E7E92E700FF673D /* HNKCache.h */,
				739996A01E7E92E700FF673D /* HNKCache.m */,
				739996A11E7E92E700FF673D /* HNKDiskCache.h */,
				739996A21E7E92E700FF673D /* HNKDiskCache.m */,
				739996A31E7E92E700FF673D /* HNKDiskFetcher.h */,
				739996A41E7E92E700FF673D /* HNKDiskFetcher.m */,
				739996A51E7E92E700FF673D /* HNKNetworkFetcher.h */,
				739996A61E7E92E700FF673D /* HNKNetworkFetcher.m */,
				739996A71E7E92E700FF673D /* HNKSimpleFetcher.h */,
				739996A81E7E92E700FF673D /* HNKSimpleFetcher.m */,
				739996AA1E7E92E700FF673D /* UIButton+Haneke.h */,
				739996AB1E7E92E700FF673D /* UIButton+Haneke.m */,
				739996AC1E7E92E700FF673D /* UIImageView+Haneke.h */,
				739996AD1E7E92E700FF673D /* UIImageView+Haneke.m */,
				739996AE1E7E92E700FF673D /* UIView+Haneke.h */,
				739996AF1E7E92E700FF673D /* UIView+Haneke.m */,
				739996881E7E923600FF673D /* Info.plist */,
			);
			path = Haneke;
			sourceTree = "<group>";
		};
		739996911E7E923600FF673D /* HanekeTests */ = {
			isa = PBXGroup;
			children = (
				739996E51E7E982900FF673D /* HanekeTests-Info.plist */,
				739996C41E7E964000FF673D /* HNKCache+HanekeTestUtils.h */,
				739996C51E7E964000FF673D /* HNKCache+HanekeTestUtils.m */,
				739996C61E7E964000FF673D /* HNKCacheTests.m */,
				739996C71E7E964000FF673D /* HNKDiskCacheTests.m */,
				739996C81E7E964000FF673D /* HNKDiskFetcherTests.m */,
				739996C91E7E964000FF673D /* HNKNetworkFetcherTests.m */,
				739996CA1E7E964000FF673D /* HNKSimpleFetcherTests.m */,
				739996CB1E7E964000FF673D /* NSString+HanekeTests.m */,
				739996CC1E7E964000FF673D /* UIButton+HanekeTests.m */,
				739996CD1E7E964000FF673D /* UIImage+HanekeTests.m */,
				739996CE1E7E964000FF673D /* UIImage+HanekeTestUtils.h */,
				739996CF1E7E964000FF673D /* UIImage+HanekeTestUtils.m */,
				739996D01E7E964000FF673D /* UIImageView+HanekeTests.m */,
				739996D11E7E964000FF673D /* UIView+HanekeTests.m */,
				739996D21E7E964000FF673D /* XCTestCase+HanekeTestUtils.h */,
				739996D31E7E964000FF673D /* XCTestCase+HanekeTestUtils.m */,
			);
			path = HanekeTests;
			sourceTree = "<group>";
		};
		796CAB8B6591BDD214814F16 /* Pods */ = {
			isa = PBXGroup;
			children = (
				60B2A8F89D761951D2A1DA3A /* Pods-HanekeTests.debug.xcconfig */,
				6B52382FD7300C680B491502 /* Pods-HanekeTests.release.xcconfig */,
			);
			name = Pods;
			sourceTree = "<group>";
		};
		B166FD0CE7F857ECE69FBB6C /* Frameworks */ = {
			isa = PBXGroup;
			children = (
				EF024579EFC93DF2BFC1EBF6 /* libPods-HanekeTests.a */,
			);
			name = Frameworks;
			sourceTree = "<group>";
		};
/* End PBXGroup section */

/* Begin PBXHeadersBuildPhase section */
		739996811E7E923600FF673D /* Headers */ = {
			isa = PBXHeadersBuildPhase;
			buildActionMask = 2147483647;
			files = (
				739996BC1E7E92E700FF673D /* UIButton+Haneke.h in Headers */,
				739996B31E7E92E700FF673D /* HNKDiskCache.h in Headers */,
				739996B11E7E92E700FF673D /* HNKCache.h in Headers */,
				739996C01E7E92E700FF673D /* UIView+Haneke.h in Headers */,
				739996B51E7E92E700FF673D /* HNKDiskFetcher.h in Headers */,
				739996B01E7E92E700FF673D /* Haneke.h in Headers */,
				739996B71E7E92E700FF673D /* HNKNetworkFetcher.h in Headers */,
				739996BE1E7E92E700FF673D /* UIImageView+Haneke.h in Headers */,
				739996B91E7E92E700FF673D /* HNKSimpleFetcher.h in Headers */,
			);
			runOnlyForDeploymentPostprocessing = 0;
		};
/* End PBXHeadersBuildPhase section */

/* Begin PBXNativeTarget section */
		739996831E7E923600FF673D /* Haneke */ = {
			isa = PBXNativeTarget;
			buildConfigurationList = 739996981E7E923600FF673D /* Build configuration list for PBXNativeTarget "Haneke" */;
			buildPhases = (
				7399967F1E7E923600FF673D /* Sources */,
				739996801E7E923600FF673D /* Frameworks */,
				739996811E7E923600FF673D /* Headers */,
				739996821E7E923600FF673D /* Resources */,
			);
			buildRules = (
			);
			dependencies = (
			);
			name = Haneke;
			productName = Haneke;
			productReference = 739996841E7E923600FF673D /* Haneke.framework */;
			productType = "com.apple.product-type.framework";
		};
		7399968C1E7E923600FF673D /* HanekeTests */ = {
			isa = PBXNativeTarget;
			buildConfigurationList = 7399969B1E7E923600FF673D /* Build configuration list for PBXNativeTarget "HanekeTests" */;
			buildPhases = (
				8C2438DA26C6DD2633A04D72 /* [CP] Check Pods Manifest.lock */,
				739996891E7E923600FF673D /* Sources */,
				7399968A1E7E923600FF673D /* Frameworks */,
				7399968B1E7E923600FF673D /* Resources */,
				981D569D98E1D1C3CE3CFE51 /* [CP] Embed Pods Frameworks */,
				A7DACC21E41F6F81D79CE010 /* [CP] Copy Pods Resources */,
			);
			buildRules = (
			);
			dependencies = (
				739996901E7E923600FF673D /* PBXTargetDependency */,
			);
			name = HanekeTests;
			productName = HanekeTests;
			productReference = 7399968D1E7E923600FF673D /* HanekeTests.xctest */;
			productType = "com.apple.product-type.bundle.unit-test";
		};
/* End PBXNativeTarget section */

/* Begin PBXProject section */
		7399967B1E7E923600FF673D /* Project object */ = {
			isa = PBXProject;
			attributes = {
				LastUpgradeCheck = 0820;
				ORGANIZATIONNAME = Haneke;
				TargetAttributes = {
					739996831E7E923600FF673D = {
						CreatedOnToolsVersion = 8.2;
						ProvisioningStyle = Automatic;
					};
					7399968C1E7E923600FF673D = {
						CreatedOnToolsVersion = 8.2;
						ProvisioningStyle = Automatic;
					};
				};
			};
			buildConfigurationList = 7399967E1E7E923600FF673D /* Build configuration list for PBXProject "Haneke" */;
			compatibilityVersion = "Xcode 3.2";
			developmentRegion = English;
			hasScannedForEncodings = 0;
			knownRegions = (
				en,
			);
			mainGroup = 7399967A1E7E923600FF673D;
			productRefGroup = 739996851E7E923600FF673D /* Products */;
			projectDirPath = "";
			projectRoot = "";
			targets = (
				739996831E7E923600FF673D /* Haneke */,
				7399968C1E7E923600FF673D /* HanekeTests */,
			);
		};
/* End PBXProject section */

/* Begin PBXResourcesBuildPhase section */
		739996821E7E923600FF673D /* Resources */ = {
			isa = PBXResourcesBuildPhase;
			buildActionMask = 2147483647;
			files = (
			);
			runOnlyForDeploymentPostprocessing = 0;
		};
		7399968B1E7E923600FF673D /* Resources */ = {
			isa = PBXResourcesBuildPhase;
			buildActionMask = 2147483647;
			files = (
			);
			runOnlyForDeploymentPostprocessing = 0;
		};
/* End PBXResourcesBuildPhase section */

/* Begin PBXShellScriptBuildPhase section */
		8C2438DA26C6DD2633A04D72 /* [CP] Check Pods Manifest.lock */ = {
			isa = PBXShellScriptBuildPhase;
			buildActionMask = 2147483647;
			files = (
			);
			inputPaths = (
			);
			name = "[CP] Check Pods Manifest.lock";
			outputPaths = (
			);
			runOnlyForDeploymentPostprocessing = 0;
			shellPath = /bin/sh;
			shellScript = "diff \"${PODS_ROOT}/../Podfile.lock\" \"${PODS_ROOT}/Manifest.lock\" > /dev/null\nif [ $? != 0 ] ; then\n    # print error to STDERR\n    echo \"error: The sandbox is not in sync with the Podfile.lock. Run 'pod install' or update your CocoaPods installation.\" >&2\n    exit 1\nfi\n";
			showEnvVarsInLog = 0;
		};
		981D569D98E1D1C3CE3CFE51 /* [CP] Embed Pods Frameworks */ = {
			isa = PBXShellScriptBuildPhase;
			buildActionMask = 2147483647;
			files = (
			);
			inputPaths = (
			);
			name = "[CP] Embed Pods Frameworks";
			outputPaths = (
			);
			runOnlyForDeploymentPostprocessing = 0;
			shellPath = /bin/sh;
			shellScript = "\"${SRCROOT}/Pods/Target Support Files/Pods-HanekeTests/Pods-HanekeTests-frameworks.sh\"\n";
			showEnvVarsInLog = 0;
		};
		A7DACC21E41F6F81D79CE010 /* [CP] Copy Pods Resources */ = {
			isa = PBXShellScriptBuildPhase;
			buildActionMask = 2147483647;
			files = (
			);
			inputPaths = (
			);
			name = "[CP] Copy Pods Resources";
			outputPaths = (
			);
			runOnlyForDeploymentPostprocessing = 0;
			shellPath = /bin/sh;
			shellScript = "\"${SRCROOT}/Pods/Target Support Files/Pods-HanekeTests/Pods-HanekeTests-resources.sh\"\n";
			showEnvVarsInLog = 0;
		};
/* End PBXShellScriptBuildPhase section */

/* Begin PBXSourcesBuildPhase section */
		7399967F1E7E923600FF673D /* Sources */ = {
			isa = PBXSourcesBuildPhase;
			buildActionMask = 2147483647;
			files = (
				739996B21E7E92E700FF673D /* HNKCache.m in Sources */,
				739996BD1E7E92E700FF673D /* UIButton+Haneke.m in Sources */,
				739996C11E7E92E700FF673D /* UIView+Haneke.m in Sources */,
				739996BF1E7E92E700FF673D /* UIImageView+Haneke.m in Sources */,
				739996BA1E7E92E700FF673D /* HNKSimpleFetcher.m in Sources */,
				739996B61E7E92E700FF673D /* HNKDiskFetcher.m in Sources */,
				739996B81E7E92E700FF673D /* HNKNetworkFetcher.m in Sources */,
				739996B41E7E92E700FF673D /* HNKDiskCache.m in Sources */,
			);
			runOnlyForDeploymentPostprocessing = 0;
		};
		739996891E7E923600FF673D /* Sources */ = {
			isa = PBXSourcesBuildPhase;
			buildActionMask = 2147483647;
			files = (
				739996DF1E7E964000FF673D /* UIView+HanekeTests.m in Sources */,
				739996D81E7E964000FF673D /* HNKNetworkFetcherTests.m in Sources */,
				739996D71E7E964000FF673D /* HNKDiskFetcherTests.m in Sources */,
				739996DE1E7E964000FF673D /* UIImageView+HanekeTests.m in Sources */,
				739996E01E7E964000FF673D /* XCTestCase+HanekeTestUtils.m in Sources */,
				739996D51E7E964000FF673D /* HNKCacheTests.m in Sources */,
				739996DC1E7E964000FF673D /* UIImage+HanekeTests.m in Sources */,
				739996DA1E7E964000FF673D /* NSString+HanekeTests.m in Sources */,
				739996D61E7E964000FF673D /* HNKDiskCacheTests.m in Sources */,
				739996DB1E7E964000FF673D /* UIButton+HanekeTests.m in Sources */,
				739996D41E7E964000FF673D /* HNKCache+HanekeTestUtils.m in Sources */,
				739996DD1E7E964000FF673D /* UIImage+HanekeTestUtils.m in Sources */,
				739996D91E7E964000FF673D /* HNKSimpleFetcherTests.m in Sources */,
			);
			runOnlyForDeploymentPostprocessing = 0;
		};
/* End PBXSourcesBuildPhase section */

/* Begin PBXTargetDependency section */
		739996901E7E923600FF673D /* PBXTargetDependency */ = {
			isa = PBXTargetDependency;
			target = 739996831E7E923600FF673D /* Haneke */;
			targetProxy = 7399968F1E7E923600FF673D /* PBXContainerItemProxy */;
		};
/* End PBXTargetDependency section */

/* Begin XCBuildConfiguration section */
		739996961E7E923600FF673D /* Debug */ = {
			isa = XCBuildConfiguration;
			buildSettings = {
				ALWAYS_SEARCH_USER_PATHS = NO;
				CLANG_ANALYZER_NONNULL = YES;
				CLANG_CXX_LANGUAGE_STANDARD = "gnu++0x";
				CLANG_CXX_LIBRARY = "libc++";
				CLANG_ENABLE_MODULES = YES;
				CLANG_ENABLE_OBJC_ARC = YES;
				CLANG_WARN_BOOL_CONVERSION = YES;
				CLANG_WARN_CONSTANT_CONVERSION = YES;
				CLANG_WARN_DIRECT_OBJC_ISA_USAGE = YES_ERROR;
				CLANG_WARN_DOCUMENTATION_COMMENTS = YES;
				CLANG_WARN_EMPTY_BODY = YES;
				CLANG_WARN_ENUM_CONVERSION = YES;
				CLANG_WARN_INFINITE_RECURSION = YES;
				CLANG_WARN_INT_CONVERSION = YES;
				CLANG_WARN_OBJC_ROOT_CLASS = YES_ERROR;
				CLANG_WARN_SUSPICIOUS_MOVE = YES;
				CLANG_WARN_UNREACHABLE_CODE = YES;
				CLANG_WARN__DUPLICATE_METHOD_MATCH = YES;
				"CODE_SIGN_IDENTITY[sdk=iphoneos*]" = "iPhone Developer";
				COPY_PHASE_STRIP = NO;
				CURRENT_PROJECT_VERSION = 1;
				DEBUG_INFORMATION_FORMAT = dwarf;
				ENABLE_STRICT_OBJC_MSGSEND = YES;
				ENABLE_TESTABILITY = YES;
				GCC_C_LANGUAGE_STANDARD = gnu99;
				GCC_DYNAMIC_NO_PIC = NO;
				GCC_NO_COMMON_BLOCKS = YES;
				GCC_OPTIMIZATION_LEVEL = 0;
				GCC_PREPROCESSOR_DEFINITIONS = (
					"DEBUG=1",
					"$(inherited)",
				);
				GCC_WARN_64_TO_32_BIT_CONVERSION = YES;
				GCC_WARN_ABOUT_RETURN_TYPE = YES_ERROR;
				GCC_WARN_UNDECLARED_SELECTOR = YES;
				GCC_WARN_UNINITIALIZED_AUTOS = YES_AGGRESSIVE;
				GCC_WARN_UNUSED_FUNCTION = YES;
				GCC_WARN_UNUSED_VARIABLE = YES;
				IPHONEOS_DEPLOYMENT_TARGET = 10.2;
				MTL_ENABLE_DEBUG_INFO = YES;
				ONLY_ACTIVE_ARCH = YES;
				SDKROOT = iphoneos;
				TARGETED_DEVICE_FAMILY = "1,2";
				VERSIONING_SYSTEM = "apple-generic";
				VERSION_INFO_PREFIX = "";
			};
			name = Debug;
		};
		739996971E7E923600FF673D /* Release */ = {
			isa = XCBuildConfiguration;
			buildSettings = {
				ALWAYS_SEARCH_USER_PATHS = NO;
				CLANG_ANALYZER_NONNULL = YES;
				CLANG_CXX_LANGUAGE_STANDARD = "gnu++0x";
				CLANG_CXX_LIBRARY = "libc++";
				CLANG_ENABLE_MODULES = YES;
				CLANG_ENABLE_OBJC_ARC = YES;
				CLANG_WARN_BOOL_CONVERSION = YES;
				CLANG_WARN_CONSTANT_CONVERSION = YES;
				CLANG_WARN_DIRECT_OBJC_ISA_USAGE = YES_ERROR;
				CLANG_WARN_DOCUMENTATION_COMMENTS = YES;
				CLANG_WARN_EMPTY_BODY = YES;
				CLANG_WARN_ENUM_CONVERSION = YES;
				CLANG_WARN_INFINITE_RECURSION = YES;
				CLANG_WARN_INT_CONVERSION = YES;
				CLANG_WARN_OBJC_ROOT_CLASS = YES_ERROR;
				CLANG_WARN_SUSPICIOUS_MOVE = YES;
				CLANG_WARN_UNREACHABLE_CODE = YES;
				CLANG_WARN__DUPLICATE_METHOD_MATCH = YES;
				"CODE_SIGN_IDENTITY[sdk=iphoneos*]" = "iPhone Developer";
				COPY_PHASE_STRIP = NO;
				CURRENT_PROJECT_VERSION = 1;
				DEBUG_INFORMATION_FORMAT = "dwarf-with-dsym";
				ENABLE_NS_ASSERTIONS = NO;
				ENABLE_STRICT_OBJC_MSGSEND = YES;
				GCC_C_LANGUAGE_STANDARD = gnu99;
				GCC_NO_COMMON_BLOCKS = YES;
				GCC_WARN_64_TO_32_BIT_CONVERSION = YES;
				GCC_WARN_ABOUT_RETURN_TYPE = YES_ERROR;
				GCC_WARN_UNDECLARED_SELECTOR = YES;
				GCC_WARN_UNINITIALIZED_AUTOS = YES_AGGRESSIVE;
				GCC_WARN_UNUSED_FUNCTION = YES;
				GCC_WARN_UNUSED_VARIABLE = YES;
				IPHONEOS_DEPLOYMENT_TARGET = 10.2;
				MTL_ENABLE_DEBUG_INFO = NO;
				SDKROOT = iphoneos;
				TARGETED_DEVICE_FAMILY = "1,2";
				VALIDATE_PRODUCT = YES;
				VERSIONING_SYSTEM = "apple-generic";
				VERSION_INFO_PREFIX = "";
			};
			name = Release;
		};
		739996991E7E923600FF673D /* Debug */ = {
			isa = XCBuildConfiguration;
			buildSettings = {
				CODE_SIGN_IDENTITY = "";
				DEFINES_MODULE = YES;
				DYLIB_COMPATIBILITY_VERSION = 1;
				DYLIB_CURRENT_VERSION = 1;
				DYLIB_INSTALL_NAME_BASE = "@rpath";
				INFOPLIST_FILE = Haneke/Info.plist;
				INSTALL_PATH = "$(LOCAL_LIBRARY_DIR)/Frameworks";
				IPHONEOS_DEPLOYMENT_TARGET = 9.0;
				LD_RUNPATH_SEARCH_PATHS = "$(inherited) @executable_path/Frameworks @loader_path/Frameworks";
				PRODUCT_BUNDLE_IDENTIFIER = haneke.Haneke;
				PRODUCT_NAME = "$(TARGET_NAME)";
				SKIP_INSTALL = YES;
			};
			name = Debug;
		};
		7399969A1E7E923600FF673D /* Release */ = {
			isa = XCBuildConfiguration;
			buildSettings = {
				CODE_SIGN_IDENTITY = "";
				DEFINES_MODULE = YES;
				DYLIB_COMPATIBILITY_VERSION = 1;
				DYLIB_CURRENT_VERSION = 1;
				DYLIB_INSTALL_NAME_BASE = "@rpath";
				INFOPLIST_FILE = Haneke/Info.plist;
				INSTALL_PATH = "$(LOCAL_LIBRARY_DIR)/Frameworks";
				IPHONEOS_DEPLOYMENT_TARGET = 9.0;
				LD_RUNPATH_SEARCH_PATHS = "$(inherited) @executable_path/Frameworks @loader_path/Frameworks";
				PRODUCT_BUNDLE_IDENTIFIER = haneke.Haneke;
				PRODUCT_NAME = "$(TARGET_NAME)";
				SKIP_INSTALL = YES;
			};
			name = Release;
		};
		7399969C1E7E923600FF673D /* Debug */ = {
			isa = XCBuildConfiguration;
			baseConfigurationReference = 60B2A8F89D761951D2A1DA3A /* Pods-HanekeTests.debug.xcconfig */;
			buildSettings = {
				INFOPLIST_FILE = "HanekeTests/HanekeTests-Info.plist";
				LD_RUNPATH_SEARCH_PATHS = "$(inherited) @executable_path/Frameworks @loader_path/Frameworks";
				PRODUCT_BUNDLE_IDENTIFIER = haneke.HanekeTests;
				PRODUCT_NAME = "$(TARGET_NAME)";
			};
			name = Debug;
		};
		7399969D1E7E923600FF673D /* Release */ = {
			isa = XCBuildConfiguration;
			baseConfigurationReference = 6B52382FD7300C680B491502 /* Pods-HanekeTests.release.xcconfig */;
			buildSettings = {
				INFOPLIST_FILE = "HanekeTests/HanekeTests-Info.plist";
				LD_RUNPATH_SEARCH_PATHS = "$(inherited) @executable_path/Frameworks @loader_path/Frameworks";
				PRODUCT_BUNDLE_IDENTIFIER = haneke.HanekeTests;
				PRODUCT_NAME = "$(TARGET_NAME)";
			};
			name = Release;
		};
/* End XCBuildConfiguration section */

/* Begin XCConfigurationList section */
		7399967E1E7E923600FF673D /* Build configuration list for PBXProject "Haneke" */ = {
			isa = XCConfigurationList;
			buildConfigurations = (
				739996961E7E923600FF673D /* Debug */,
				739996971E7E923600FF673D /* Release */,
			);
			defaultConfigurationIsVisible = 0;
			defaultConfigurationName = Release;
		};
		739996981E7E923600FF673D /* Build configuration list for PBXNativeTarget "Haneke" */ = {
			isa = XCConfigurationList;
			buildConfigurations = (
				739996991E7E923600FF673D /* Debug */,
				7399969A1E7E923600FF673D /* Release */,
			);
			defaultConfigurationIsVisible = 0;
			defaultConfigurationName = Release;
		};
		7399969B1E7E923600FF673D /* Build configuration list for PBXNativeTarget "HanekeTests" */ = {
			isa = XCConfigurationList;
			buildConfigurations = (
				7399969C1E7E923600FF673D /* Debug */,
				7399969D1E7E923600FF673D /* Release */,
			);
			defaultConfigurationIsVisible = 0;
			defaultConfigurationName = Release;
		};
/* End XCConfigurationList section */
	};
	rootObject = 7399967B1E7E923600FF673D /* Project object */;
}
